
Microsoft Visual Studio Solution File, Format Version 12.00
# Visual Studio 2013
VisualStudioVersion = 12.0.31101.0
MinimumVisualStudioVersion = 10.0.40219.1
Project("{8BC9CEB8-8B4A-11D0-8D11-00A0C91BC942}") = "Resize", "Resize\Resize.vcxproj", "{B708EE05-508C-4382-B7EF-2E6C5DE0C4BD}"
	ProjectSection(ProjectDependencies) = postProject
		{2A42B5D3-4208-4043-A44F-D4A46FF584A5} = {2A42B5D3-4208-4043-A44F-D4A46FF584A5}
	EndProjectSection
EndProject
Project("{8BC9CEB8-8B4A-11D0-8D11-00A0C91BC942}") = "TestApp", "TestApp\TestApp.vcxproj", "{B85E6CC0-ED80-487D-805A-DA3597A15CE6}"
	ProjectSection(ProjectDependencies) = postProject
		{6F28AB00-7D7A-4D75-9C92-2A2311AE02BB} = {6F28AB00-7D7A-4D75-9C92-2A2311AE02BB}
		{B708EE05-508C-4382-B7EF-2E6C5DE0C4BD} = {B708EE05-508C-4382-B7EF-2E6C5DE0C4BD}
		{2F8C83D1-EE46-4739-A6BB-55451B425024} = {2F8C83D1-EE46-4739-A6BB-55451B425024}
		{2A42B5D3-4208-4043-A44F-D4A46FF584A5} = {2A42B5D3-4208-4043-A44F-D4A46FF584A5}
		{32C3BCFE-513E-4682-9E98-3450A7FE7F99} = {32C3BCFE-513E-4682-9E98-3450A7FE7F99}
	EndProjectSection
EndProject
Project("{8BC9CEB8-8B4A-11D0-8D11-00A0C91BC942}") = "Colorspace", "Colorspace\Colorspace.vcxproj", "{32C3BCFE-513E-4682-9E98-3450A7FE7F99}"
	ProjectSection(ProjectDependencies) = postProject
		{2A42B5D3-4208-4043-A44F-D4A46FF584A5} = {2A42B5D3-4208-4043-A44F-D4A46FF584A5}
	EndProjectSection
EndProject
Project("{8BC9CEB8-8B4A-11D0-8D11-00A0C91BC942}") = "Common", "Common\Common.vcxproj", "{2A42B5D3-4208-4043-A44F-D4A46FF584A5}"
EndProject
Project("{8BC9CEB8-8B4A-11D0-8D11-00A0C91BC942}") = "Unresize", "Unresize\Unresize.vcxproj", "{2F8C83D1-EE46-4739-A6BB-55451B425024}"
	ProjectSection(ProjectDependencies) = postProject
		{2A42B5D3-4208-4043-A44F-D4A46FF584A5} = {2A42B5D3-4208-4043-A44F-D4A46FF584A5}
	EndProjectSection
EndProject
Project("{8BC9CEB8-8B4A-11D0-8D11-00A0C91BC942}") = "Depth", "Depth\Depth.vcxproj", "{6F28AB00-7D7A-4D75-9C92-2A2311AE02BB}"
	ProjectSection(ProjectDependencies) = postProject
		{2A42B5D3-4208-4043-A44F-D4A46FF584A5} = {2A42B5D3-4208-4043-A44F-D4A46FF584A5}
	EndProjectSection
EndProject
Project("{8BC9CEB8-8B4A-11D0-8D11-00A0C91BC942}") = "API", "API\API.vcxproj", "{175B4D0A-EB8E-43DB-B3BF-35F0A70E103C}"
	ProjectSection(ProjectDependencies) = postProject
		{6F28AB00-7D7A-4D75-9C92-2A2311AE02BB} = {6F28AB00-7D7A-4D75-9C92-2A2311AE02BB}
		{B708EE05-508C-4382-B7EF-2E6C5DE0C4BD} = {B708EE05-508C-4382-B7EF-2E6C5DE0C4BD}
		{2A42B5D3-4208-4043-A44F-D4A46FF584A5} = {2A42B5D3-4208-4043-A44F-D4A46FF584A5}
		{32C3BCFE-513E-4682-9E98-3450A7FE7F99} = {32C3BCFE-513E-4682-9E98-3450A7FE7F99}
	EndProjectSection
EndProject
Project("{8BC9CEB8-8B4A-11D0-8D11-00A0C91BC942}") = "vszimg", "vszimg\vszimg.vcxproj", "{DB71496E-6A65-49EA-AC40-F3F47C77161F}"
	ProjectSection(ProjectDependencies) = postProject
		{175B4D0A-EB8E-43DB-B3BF-35F0A70E103C} = {175B4D0A-EB8E-43DB-B3BF-35F0A70E103C}
	EndProjectSection
EndProject
Global
	GlobalSection(SolutionConfigurationPlatforms) = preSolution
		Debug|Win32 = Debug|Win32
		Debug|x64 = Debug|x64
		Release|Win32 = Release|Win32
		Release|x64 = Release|x64
	EndGlobalSection
	GlobalSection(ProjectConfigurationPlatforms) = postSolution
		{B708EE05-508C-4382-B7EF-2E6C5DE0C4BD}.Debug|Win32.ActiveCfg = Debug|Win32
		{B708EE05-508C-4382-B7EF-2E6C5DE0C4BD}.Debug|Win32.Build.0 = Debug|Win32
		{B708EE05-508C-4382-B7EF-2E6C5DE0C4BD}.Debug|x64.ActiveCfg = Debug|x64
		{B708EE05-508C-4382-B7EF-2E6C5DE0C4BD}.Debug|x64.Build.0 = Debug|x64
		{B708EE05-508C-4382-B7EF-2E6C5DE0C4BD}.Release|Win32.ActiveCfg = Release|Win32
		{B708EE05-508C-4382-B7EF-2E6C5DE0C4BD}.Release|Win32.Build.0 = Release|Win32
		{B708EE05-508C-4382-B7EF-2E6C5DE0C4BD}.Release|x64.ActiveCfg = Release|x64
		{B708EE05-508C-4382-B7EF-2E6C5DE0C4BD}.Release|x64.Build.0 = Release|x64
		{B85E6CC0-ED80-487D-805A-DA3597A15CE6}.Debug|Win32.ActiveCfg = Debug|Win32
		{B85E6CC0-ED80-487D-805A-DA3597A15CE6}.Debug|Win32.Build.0 = Debug|Win32
		{B85E6CC0-ED80-487D-805A-DA3597A15CE6}.Debug|x64.ActiveCfg = Debug|x64
		{B85E6CC0-ED80-487D-805A-DA3597A15CE6}.Debug|x64.Build.0 = Debug|x64
		{B85E6CC0-ED80-487D-805A-DA3597A15CE6}.Release|Win32.ActiveCfg = Release|Win32
		{B85E6CC0-ED80-487D-805A-DA3597A15CE6}.Release|Win32.Build.0 = Release|Win32
		{B85E6CC0-ED80-487D-805A-DA3597A15CE6}.Release|x64.ActiveCfg = Release|x64
		{B85E6CC0-ED80-487D-805A-DA3597A15CE6}.Release|x64.Build.0 = Release|x64
		{32C3BCFE-513E-4682-9E98-3450A7FE7F99}.Debug|Win32.ActiveCfg = Debug|Win32
		{32C3BCFE-513E-4682-9E98-3450A7FE7F99}.Debug|Win32.Build.0 = Debug|Win32
		{32C3BCFE-513E-4682-9E98-3450A7FE7F99}.Debug|x64.ActiveCfg = Debug|x64
		{32C3BCFE-513E-4682-9E98-3450A7FE7F99}.Debug|x64.Build.0 = Debug|x64
		{32C3BCFE-513E-4682-9E98-3450A7FE7F99}.Release|Win32.ActiveCfg = Release|Win32
		{32C3BCFE-513E-4682-9E98-3450A7FE7F99}.Release|Win32.Build.0 = Release|Win32
		{32C3BCFE-513E-4682-9E98-3450A7FE7F99}.Release|x64.ActiveCfg = Release|x64
		{32C3BCFE-513E-4682-9E98-3450A7FE7F99}.Release|x64.Build.0 = Release|x64
		{2A42B5D3-4208-4043-A44F-D4A46FF584A5}.Debug|Win32.ActiveCfg = Debug|Win32
		{2A42B5D3-4208-4043-A44F-D4A46FF584A5}.Debug|Win32.Build.0 = Debug|Win32
		{2A42B5D3-4208-4043-A44F-D4A46FF584A5}.Debug|x64.ActiveCfg = Debug|x64
		{2A42B5D3-4208-4043-A44F-D4A46FF584A5}.Debug|x64.Build.0 = Debug|x64
		{2A42B5D3-4208-4043-A44F-D4A46FF584A5}.Release|Win32.ActiveCfg = Release|Win32
		{2A42B5D3-4208-4043-A44F-D4A46FF584A5}.Release|Win32.Build.0 = Release|Win32
		{2A42B5D3-4208-4043-A44F-D4A46FF584A5}.Release|x64.ActiveCfg = Release|x64
		{2A42B5D3-4208-4043-A44F-D4A46FF584A5}.Release|x64.Build.0 = Release|x64
		{2F8C83D1-EE46-4739-A6BB-55451B425024}.Debug|Win32.ActiveCfg = Debug|Win32
		{2F8C83D1-EE46-4739-A6BB-55451B425024}.Debug|Win32.Build.0 = Debug|Win32
		{2F8C83D1-EE46-4739-A6BB-55451B425024}.Debug|x64.ActiveCfg = Debug|x64
		{2F8C83D1-EE46-4739-A6BB-55451B425024}.Debug|x64.Build.0 = Debug|x64
		{2F8C83D1-EE46-4739-A6BB-55451B425024}.Release|Win32.ActiveCfg = Release|Win32
		{2F8C83D1-EE46-4739-A6BB-55451B425024}.Release|Win32.Build.0 = Release|Win32
		{2F8C83D1-EE46-4739-A6BB-55451B425024}.Release|x64.ActiveCfg = Release|x64
		{2F8C83D1-EE46-4739-A6BB-55451B425024}.Release|x64.Build.0 = Release|x64
		{6F28AB00-7D7A-4D75-9C92-2A2311AE02BB}.Debug|Win32.ActiveCfg = Debug|Win32
		{6F28AB00-7D7A-4D75-9C92-2A2311AE02BB}.Debug|Win32.Build.0 = Debug|Win32
		{6F28AB00-7D7A-4D75-9C92-2A2311AE02BB}.Debug|x64.ActiveCfg = Debug|x64
		{6F28AB00-7D7A-4D75-9C92-2A2311AE02BB}.Debug|x64.Build.0 = Debug|x64
		{6F28AB00-7D7A-4D75-9C92-2A2311AE02BB}.Release|Win32.ActiveCfg = Release|Win32
		{6F28AB00-7D7A-4D75-9C92-2A2311AE02BB}.Release|Win32.Build.0 = Release|Win32
		{6F28AB00-7D7A-4D75-9C92-2A2311AE02BB}.Release|x64.ActiveCfg = Release|x64
		{6F28AB00-7D7A-4D75-9C92-2A2311AE02BB}.Release|x64.Build.0 = Release|x64
		{175B4D0A-EB8E-43DB-B3BF-35F0A70E103C}.Debug|Win32.ActiveCfg = Debug|Win32
		{175B4D0A-EB8E-43DB-B3BF-35F0A70E103C}.Debug|Win32.Build.0 = Debug|Win32
		{175B4D0A-EB8E-43DB-B3BF-35F0A70E103C}.Debug|x64.ActiveCfg = Debug|x64
		{175B4D0A-EB8E-43DB-B3BF-35F0A70E103C}.Debug|x64.Build.0 = Debug|x64
		{175B4D0A-EB8E-43DB-B3BF-35F0A70E103C}.Release|Win32.ActiveCfg = Release|Win32
		{175B4D0A-EB8E-43DB-B3BF-35F0A70E103C}.Release|Win32.Build.0 = Release|Win32
		{175B4D0A-EB8E-43DB-B3BF-35F0A70E103C}.Release|x64.ActiveCfg = Release|x64
		{175B4D0A-EB8E-43DB-B3BF-35F0A70E103C}.Release|x64.Build.0 = Release|x64
		{DB71496E-6A65-49EA-AC40-F3F47C77161F}.Debug|Win32.ActiveCfg = Debug|Win32
		{DB71496E-6A65-49EA-AC40-F3F47C77161F}.Debug|Win32.Build.0 = Debug|Win32
		{DB71496E-6A65-49EA-AC40-F3F47C77161F}.Debug|x64.ActiveCfg = Debug|x64
		{DB71496E-6A65-49EA-AC40-F3F47C77161F}.Debug|x64.Build.0 = Debug|x64
		{DB71496E-6A65-49EA-AC40-F3F47C77161F}.Release|Win32.ActiveCfg = Release|Win32
		{DB71496E-6A65-49EA-AC40-F3F47C77161F}.Release|Win32.Build.0 = Release|Win32
		{DB71496E-6A65-49EA-AC40-F3F47C77161F}.Release|x64.ActiveCfg = Release|x64
		{DB71496E-6A65-49EA-AC40-F3F47C77161F}.Release|x64.Build.0 = Release|x64
	EndGlobalSection
	GlobalSection(SolutionProperties) = preSolution
		HideSolutionNode = FALSE
	EndGlobalSection
EndGlobal
