<?xml version="1.0" encoding="utf-8"?>
<Project ToolsVersion="4.0" xmlns="http://schemas.microsoft.com/developer/msbuild/2003">
  <ItemGroup>
    <Filter Include="Source Files">
      <UniqueIdentifier>{4FC737F1-C7A5-4376-A066-2A32D752A2FF}</UniqueIdentifier>
      <Extensions>cpp;c;cc;cxx;def;odl;idl;hpj;bat;asm;asmx</Extensions>
    </Filter>
    <Filter Include="Header Files">
      <UniqueIdentifier>{93995380-89BD-4b04-88EB-625FBE52EBFB}</UniqueIdentifier>
      <Extensions>h;hh;hpp;hxx;hm;inl;inc;xsd</Extensions>
    </Filter>
    <Filter Include="Resource Files">
      <UniqueIdentifier>{67DA6AB6-F800-4c08-8B7A-83BB121AAD01}</UniqueIdentifier>
      <Extensions>rc;ico;cur;bmp;dlg;rc2;rct;bin;rgs;gif;jpg;jpeg;jpe;resx;tiff;tif;png;wav;mfcribbon-ms</Extensions>
    </Filter>
    <Filter Include="Header Files\api">
      <UniqueIdentifier>{8271d8a6-f76f-40f4-8e8c-9ef0e553e9ea}</UniqueIdentifier>
    </Filter>
    <Filter Include="Header Files\colorspace">
      <UniqueIdentifier>{4d03e1cb-b474-45f4-a4d8-35a930a754f4}</UniqueIdentifier>
    </Filter>
    <Filter Include="Header Files\common">
      <UniqueIdentifier>{19b99e51-a02c-40fa-a38e-9b8efb20eaec}</UniqueIdentifier>
    </Filter>
    <Filter Include="Header Files\depth">
      <UniqueIdentifier>{03402363-a191-4be0-ba18-b4cc5d361785}</UniqueIdentifier>
    </Filter>
    <Filter Include="Header Files\resize">
      <UniqueIdentifier>{21b5f66f-a197-4d9d-88ed-b2f13e917b42}</UniqueIdentifier>
    </Filter>
    <Filter Include="Header Files\unresize">
      <UniqueIdentifier>{cfae0a30-5d6d-495e-9de7-dfda15a56e4f}</UniqueIdentifier>
    </Filter>
    <Filter Include="Source Files\api">
      <UniqueIdentifier>{289c7a39-8e39-4358-90d6-d6633f462111}</UniqueIdentifier>
    </Filter>
    <Filter Include="Source Files\colorspace">
      <UniqueIdentifier>{18d6242f-0636-4b59-8ace-dbf2e65154cc}</UniqueIdentifier>
    </Filter>
    <Filter Include="Source Files\common">
      <UniqueIdentifier>{43981eb7-75d4-4956-aa0b-78d0dcc8ef93}</UniqueIdentifier>
    </Filter>
    <Filter Include="Source Files\depth">
      <UniqueIdentifier>{412cdbe8-4c08-4630-a73b-4c53d4b127aa}</UniqueIdentifier>
    </Filter>
    <Filter Include="Source Files\resize">
      <UniqueIdentifier>{d905d84f-429b-4b6b-91ed-1b6d4f8d3752}</UniqueIdentifier>
    </Filter>
    <Filter Include="Source Files\unresize">
      <UniqueIdentifier>{d663766c-e085-4347-a5fd-ca2fca946145}</UniqueIdentifier>
    </Filter>
    <Filter Include="Header Files\graph">
      <UniqueIdentifier>{085eef1b-be71-4f84-b116-4f272ec7eb0a}</UniqueIdentifier>
    </Filter>
    <Filter Include="Source Files\graph">
      <UniqueIdentifier>{35afa172-952c-4706-8c02-d51082bca12f}</UniqueIdentifier>
    </Filter>
  </ItemGroup>
  <ItemGroup>
    <ClInclude Include="..\..\src\zimg\api\zimg.h">
      <Filter>Header Files\api</Filter>
    </ClInclude>
    <ClInclude Include="..\..\src\zimg\api\zimg++.hpp">
      <Filter>Header Files\api</Filter>
    </ClInclude>
    <ClInclude Include="..\..\src\zimg\colorspace\colorspace.h">
      <Filter>Header Files\colorspace</Filter>
    </ClInclude>
    <ClInclude Include="..\..\src\zimg\colorspace\colorspace_param.h">
      <Filter>Header Files\colorspace</Filter>
    </ClInclude>
    <ClInclude Include="..\..\src\zimg\colorspace\graph.h">
      <Filter>Header Files\colorspace</Filter>
    </ClInclude>
    <ClInclude Include="..\..\src\zimg\colorspace\matrix3.h">
      <Filter>Header Files\colorspace</Filter>
    </ClInclude>
    <ClInclude Include="..\..\src\zimg\colorspace\operation.h">
      <Filter>Header Files\colorspace</Filter>
    </ClInclude>
    <ClInclude Include="..\..\src\zimg\colorspace\operation_impl.h">
      <Filter>Header Files\colorspace</Filter>
    </ClInclude>
    <ClInclude Include="..\..\src\zimg\common\align.h">
      <Filter>Header Files\common</Filter>
    </ClInclude>
    <ClInclude Include="..\..\src\zimg\common\alloc.h">
      <Filter>Header Files\common</Filter>
    </ClInclude>
    <ClInclude Include="..\..\src\zimg\common\cpuinfo.h">
      <Filter>Header Files\common</Filter>
    </ClInclude>
    <ClInclude Include="..\..\src\zimg\common\except.h">
      <Filter>Header Files\common</Filter>
    </ClInclude>
    <ClInclude Include="..\..\src\zimg\common\libm_wrapper.h">
      <Filter>Header Files\common</Filter>
    </ClInclude>
    <ClInclude Include="..\..\src\zimg\common\matrix.h">
      <Filter>Header Files\common</Filter>
    </ClInclude>
    <ClInclude Include="..\..\src\zimg\common\pixel.h">
      <Filter>Header Files\common</Filter>
    </ClInclude>
    <ClInclude Include="..\..\src\zimg\common\static_map.h">
      <Filter>Header Files\common</Filter>
    </ClInclude>
    <ClInclude Include="..\..\src\zimg\common\zassert.h">
      <Filter>Header Files\common</Filter>
    </ClInclude>
    <ClInclude Include="..\..\src\zimg\depth\depth.h">
      <Filter>Header Files\depth</Filter>
    </ClInclude>
    <ClInclude Include="..\..\src\zimg\depth\depth_convert.h">
      <Filter>Header Files\depth</Filter>
    </ClInclude>
    <ClInclude Include="..\..\src\zimg\depth\depth_convert_x86.h">
      <Filter>Header Files\depth</Filter>
    </ClInclude>
    <ClInclude Include="..\..\src\zimg\depth\dither.h">
      <Filter>Header Files\depth</Filter>
    </ClInclude>
    <ClInclude Include="..\..\src\zimg\depth\dither_x86.h">
      <Filter>Header Files\depth</Filter>
    </ClInclude>
    <ClInclude Include="..\..\src\zimg\depth\quantize.h">
      <Filter>Header Files\depth</Filter>
    </ClInclude>
    <ClInclude Include="..\..\src\zimg\resize\filter.h">
      <Filter>Header Files\resize</Filter>
    </ClInclude>
    <ClInclude Include="..\..\src\zimg\resize\resize.h">
      <Filter>Header Files\resize</Filter>
    </ClInclude>
    <ClInclude Include="..\..\src\zimg\resize\resize_impl.h">
      <Filter>Header Files\resize</Filter>
    </ClInclude>
    <ClInclude Include="..\..\src\zimg\resize\resize_impl_x86.h">
      <Filter>Header Files\resize</Filter>
    </ClInclude>
    <ClInclude Include="..\..\src\zimg\unresize\bilinear.h">
      <Filter>Header Files\unresize</Filter>
    </ClInclude>
    <ClInclude Include="..\..\src\zimg\unresize\unresize.h">
      <Filter>Header Files\unresize</Filter>
    </ClInclude>
    <ClInclude Include="..\..\src\zimg\unresize\unresize_impl.h">
      <Filter>Header Files\unresize</Filter>
    </ClInclude>
    <ClInclude Include="..\..\src\zimg\graph\filtergraph.h">
      <Filter>Header Files\graph</Filter>
    </ClInclude>
    <ClInclude Include="..\..\src\zimg\graph\graphbuilder.h">
      <Filter>Header Files\graph</Filter>
    </ClInclude>
    <ClInclude Include="..\..\src\zimg\common\ccdep.h">
      <Filter>Header Files\common</Filter>
    </ClInclude>
    <ClInclude Include="..\..\src\zimg\graph\image_buffer.h">
      <Filter>Header Files\graph</Filter>
    </ClInclude>
    <ClInclude Include="..\..\src\zimg\graph\image_filter.h">
      <Filter>Header Files\graph</Filter>
    </ClInclude>
    <ClInclude Include="..\..\src\zimg\common\builder.h">
      <Filter>Header Files\common</Filter>
    </ClInclude>
    <ClInclude Include="..\..\src\zimg\common\make_unique.h">
      <Filter>Header Files\common</Filter>
    </ClInclude>
    <ClInclude Include="..\..\src\zimg\colorspace\operation_impl_x86.h">
      <Filter>Header Files\colorspace</Filter>
    </ClInclude>
    <ClInclude Include="..\..\src\zimg\common\x86util.h">
      <Filter>Header Files\common</Filter>
    </ClInclude>
    <ClInclude Include="..\..\src\zimg\graph\basic_filter.h">
      <Filter>Header Files\graph</Filter>
    </ClInclude>
    <ClInclude Include="..\..\src\zimg\depth\f16c_x86.h">
      <Filter>Header Files\depth</Filter>
    </ClInclude>
    <ClInclude Include="..\..\src\zimg\depth\hexfloat.h">
      <Filter>Header Files\depth</Filter>
    </ClInclude>
    <ClInclude Include="..\..\src\zimg\colorspace\gamma.h">
      <Filter>Header Files\colorspace</Filter>
    </ClInclude>
    <ClInclude Include="..\..\src\zimg\common\checked_int.h">
      <Filter>Header Files\common</Filter>
    </ClInclude>
  </ItemGroup>
  <ItemGroup>
    <ClCompile Include="..\..\src\zimg\api\zimg.cpp">
      <Filter>Source Files\api</Filter>
    </ClCompile>
    <ClCompile Include="..\..\src\zimg\colorspace\colorspace.cpp">
      <Filter>Source Files\colorspace</Filter>
    </ClCompile>
    <ClCompile Include="..\..\src\zimg\colorspace\colorspace_param.cpp">
      <Filter>Source Files\colorspace</Filter>
    </ClCompile>
    <ClCompile Include="..\..\src\zimg\colorspace\graph.cpp">
      <Filter>Source Files\colorspace</Filter>
    </ClCompile>
    <ClCompile Include="..\..\src\zimg\colorspace\matrix3.cpp">
      <Filter>Source Files\colorspace</Filter>
    </ClCompile>
    <ClCompile Include="..\..\src\zimg\colorspace\operation.cpp">
      <Filter>Source Files\colorspace</Filter>
    </ClCompile>
    <ClCompile Include="..\..\src\zimg\colorspace\operation_impl.cpp">
      <Filter>Source Files\colorspace</Filter>
    </ClCompile>
    <ClCompile Include="..\..\src\zimg\common\libm_wrapper.cpp">
      <Filter>Source Files\common</Filter>
    </ClCompile>
    <ClCompile Include="..\..\src\zimg\depth\depth.cpp">
      <Filter>Source Files\depth</Filter>
    </ClCompile>
    <ClCompile Include="..\..\src\zimg\depth\depth_convert.cpp">
      <Filter>Source Files\depth</Filter>
    </ClCompile>
    <ClCompile Include="..\..\src\zimg\depth\depth_convert_x86.cpp">
      <Filter>Source Files\depth</Filter>
    </ClCompile>
    <ClCompile Include="..\..\src\zimg\depth\dither.cpp">
      <Filter>Source Files\depth</Filter>
    </ClCompile>
    <ClCompile Include="..\..\src\zimg\depth\dither_sse2.cpp">
      <Filter>Source Files\depth</Filter>
    </ClCompile>
    <ClCompile Include="..\..\src\zimg\depth\dither_x86.cpp">
      <Filter>Source Files\depth</Filter>
    </ClCompile>
    <ClCompile Include="..\..\src\zimg\resize\filter.cpp">
      <Filter>Source Files\resize</Filter>
    </ClCompile>
    <ClCompile Include="..\..\src\zimg\resize\resize.cpp">
      <Filter>Source Files\resize</Filter>
    </ClCompile>
    <ClCompile Include="..\..\src\zimg\resize\resize_impl.cpp">
      <Filter>Source Files\resize</Filter>
    </ClCompile>
    <ClCompile Include="..\..\src\zimg\resize\resize_impl_sse.cpp">
      <Filter>Source Files\resize</Filter>
    </ClCompile>
    <ClCompile Include="..\..\src\zimg\resize\resize_impl_sse2.cpp">
      <Filter>Source Files\resize</Filter>
    </ClCompile>
    <ClCompile Include="..\..\src\zimg\resize\resize_impl_x86.cpp">
      <Filter>Source Files\resize</Filter>
    </ClCompile>
    <ClCompile Include="..\..\src\zimg\unresize\bilinear.cpp">
      <Filter>Source Files\unresize</Filter>
    </ClCompile>
    <ClCompile Include="..\..\src\zimg\unresize\unresize.cpp">
      <Filter>Source Files\unresize</Filter>
    </ClCompile>
    <ClCompile Include="..\..\src\zimg\unresize\unresize_impl.cpp">
      <Filter>Source Files\unresize</Filter>
    </ClCompile>
    <ClCompile Include="..\..\src\zimg\graph\filtergraph.cpp">
      <Filter>Source Files\graph</Filter>
    </ClCompile>
    <ClCompile Include="..\..\src\zimg\graph\graphbuilder.cpp">
      <Filter>Source Files\graph</Filter>
    </ClCompile>
    <ClCompile Include="..\..\src\zimg\colorspace\operation_impl_sse.cpp">
      <Filter>Source Files\colorspace</Filter>
    </ClCompile>
    <ClCompile Include="..\..\src\zimg\colorspace\operation_impl_x86.cpp">
      <Filter>Source Files\colorspace</Filter>
    </ClCompile>
    <ClCompile Include="..\..\src\zimg\common\x86util.cpp">
      <Filter>Source Files\common</Filter>
    </ClCompile>
    <ClCompile Include="..\..\src\zimg\common\cpuinfo.cpp">
      <Filter>Source Files\common</Filter>
    </ClCompile>
    <ClCompile Include="..\..\src\zimg\common\matrix.cpp">
      <Filter>Source Files\common</Filter>
    </ClCompile>
    <ClCompile Include="..\..\src\zimg\graph\basic_filter.cpp">
      <Filter>Source Files\graph</Filter>
    </ClCompile>
    <ClCompile Include="..\..\src\zimg\depth\depth_convert_sse2.cpp">
      <Filter>Source Files\depth</Filter>
    </ClCompile>
    <ClCompile Include="..\..\src\zimg\depth\f16c_sse2.cpp">
      <Filter>Source Files\depth</Filter>
    </ClCompile>
    <ClCompile Include="..\..\src\zimg\resize\resize_impl_avx.cpp">
      <Filter>Source Files\resize</Filter>
    </ClCompile>
    <ClCompile Include="..\..\src\zimg\depth\f16c_ivb.cpp">
      <Filter>Source Files\depth</Filter>
    </ClCompile>
    <ClCompile Include="..\..\src\zimg\depth\dither_avx2.cpp">
      <Filter>Source Files\depth</Filter>
    </ClCompile>
    <ClCompile Include="..\..\src\zimg\colorspace\operation_impl_avx.cpp">
      <Filter>Source Files\colorspace</Filter>
    </ClCompile>
    <ClCompile Include="..\..\src\zimg\depth\depth_convert_avx2.cpp">
      <Filter>Source Files\depth</Filter>
    </ClCompile>
    <ClCompile Include="..\..\src\zimg\resize\resize_impl_avx2.cpp">
      <Filter>Source Files\resize</Filter>
    </ClCompile>
    <ClCompile Include="..\..\src\zimg\colorspace\operation_impl_sse2.cpp">
      <Filter>Source Files\colorspace</Filter>
    </ClCompile>
    <ClCompile Include="..\..\src\zimg\colorspace\operation_impl_avx2.cpp">
      <Filter>Source Files\colorspace</Filter>
    </ClCompile>
    <ClCompile Include="..\..\src\zimg\depth\quantize.cpp">
      <Filter>Source Files\depth</Filter>
    </ClCompile>
    <ClCompile Include="..\..\src\zimg\colorspace\gamma.cpp">
      <Filter>Source Files\colorspace</Filter>
    </ClCompile>
    <ClCompile Include="..\..\src\zimg\depth\error_diffusion_sse2.cpp">
      <Filter>Source Files\depth</Filter>
    </ClCompile>
    <ClCompile Include="..\..\src\zimg\depth\error_diffusion_avx2.cpp">
      <Filter>Source Files\depth</Filter>
    </ClCompile>
  </ItemGroup>
</Project>