<?xml version="1.0" encoding="utf-8"?>
<Project ToolsVersion="4.0" xmlns="http://schemas.microsoft.com/developer/msbuild/2003">
  <ItemGroup>
    <Filter Include="Source Files">
      <UniqueIdentifier>{4FC737F1-C7A5-4376-A066-2A32D752A2FF}</UniqueIdentifier>
      <Extensions>cpp;c;cc;cxx;def;odl;idl;hpj;bat;asm;asmx</Extensions>
    </Filter>
    <Filter Include="Header Files">
      <UniqueIdentifier>{93995380-89BD-4b04-88EB-625FBE52EBFB}</UniqueIdentifier>
      <Extensions>h;hh;hpp;hxx;hm;inl;inc;xsd</Extensions>
    </Filter>
    <Filter Include="Resource Files">
      <UniqueIdentifier>{67DA6AB6-F800-4c08-8B7A-83BB121AAD01}</UniqueIdentifier>
      <Extensions>rc;ico;cur;bmp;dlg;rc2;rct;bin;rgs;gif;jpg;jpeg;jpe;resx;tiff;tif;png;wav;mfcribbon-ms</Extensions>
    </Filter>
    <Filter Include="Header Files\extra">
      <UniqueIdentifier>{afa47098-0626-408e-8476-68caddb67045}</UniqueIdentifier>
    </Filter>
    <Filter Include="Header Files\extra\sha1">
      <UniqueIdentifier>{234ab586-8a2a-482d-9b2f-b83cbda196ac}</UniqueIdentifier>
    </Filter>
    <Filter Include="Header Files\extra\musl-libm">
      <UniqueIdentifier>{b0f897a4-1ed0-4995-8da4-4df7b6b46a0a}</UniqueIdentifier>
    </Filter>
    <Filter Include="Source Files\colorspace">
      <UniqueIdentifier>{f7ac1f20-8f45-41f8-9dc3-42dce80456b5}</UniqueIdentifier>
    </Filter>
    <Filter Include="Source Files\depth">
      <UniqueIdentifier>{cf644c2d-d294-490c-bd98-0cf21c087d0a}</UniqueIdentifier>
    </Filter>
    <Filter Include="Source Files\extra">
      <UniqueIdentifier>{ca29a763-cb63-4d3f-95f1-1475b2f0cc77}</UniqueIdentifier>
    </Filter>
    <Filter Include="Source Files\extra\sha1">
      <UniqueIdentifier>{c0a84f8e-bc1b-49f6-baee-5dfddfafe528}</UniqueIdentifier>
    </Filter>
    <Filter Include="Source Files\extra\musl-libm">
      <UniqueIdentifier>{b258cf6c-aaba-4a1a-9c6d-293f20058bcb}</UniqueIdentifier>
    </Filter>
    <Filter Include="Source Files\resize">
      <UniqueIdentifier>{05879f60-0cfb-4a61-8bf8-87b4faebd882}</UniqueIdentifier>
    </Filter>
    <Filter Include="Source Files\graph">
      <UniqueIdentifier>{1f6bc32a-d82f-4666-829b-26a663b31e66}</UniqueIdentifier>
    </Filter>
    <Filter Include="Header Files\graph">
      <UniqueIdentifier>{edf1e449-a6d2-4daf-9330-e320b77fb94d}</UniqueIdentifier>
    </Filter>
    <Filter Include="Source Files\api">
      <UniqueIdentifier>{73ad656b-c64d-4557-a19c-c1cdcc46a900}</UniqueIdentifier>
    </Filter>
    <Filter Include="Source Files\colorspace\x86">
      <UniqueIdentifier>{b93db372-eee7-435b-bdbd-188f4d360ca6}</UniqueIdentifier>
    </Filter>
    <Filter Include="Source Files\depth\x86">
      <UniqueIdentifier>{daeaaa38-fbcf-44e3-a6bc-0a7154f5115d}</UniqueIdentifier>
    </Filter>
    <Filter Include="Source Files\resize\x86">
      <UniqueIdentifier>{0e97fc53-bca2-441a-a86a-d0680ea837d6}</UniqueIdentifier>
    </Filter>
  </ItemGroup>
  <ItemGroup>
    <ClCompile Include="..\..\test\colorspace\colorspace_test.cpp">
      <Filter>Source Files\colorspace</Filter>
    </ClCompile>
    <ClCompile Include="..\..\test\depth\depth_convert_test.cpp">
      <Filter>Source Files\depth</Filter>
    </ClCompile>
    <ClCompile Include="..\..\test\depth\dither_test.cpp">
      <Filter>Source Files\depth</Filter>
    </ClCompile>
    <ClCompile Include="..\..\test\extra\musl-libm\__cos.c">
      <Filter>Source Files\extra\musl-libm</Filter>
    </ClCompile>
    <ClCompile Include="..\..\test\extra\musl-libm\__rem_pio2.c">
      <Filter>Source Files\extra\musl-libm</Filter>
    </ClCompile>
    <ClCompile Include="..\..\test\extra\musl-libm\__rem_pio2_large.c">
      <Filter>Source Files\extra\musl-libm</Filter>
    </ClCompile>
    <ClCompile Include="..\..\test\extra\musl-libm\__sin.c">
      <Filter>Source Files\extra\musl-libm</Filter>
    </ClCompile>
    <ClCompile Include="..\..\test\extra\musl-libm\cos.c">
      <Filter>Source Files\extra\musl-libm</Filter>
    </ClCompile>
    <ClCompile Include="..\..\test\extra\musl-libm\fpu_wrapper.c">
      <Filter>Source Files\extra\musl-libm</Filter>
    </ClCompile>
    <ClCompile Include="..\..\test\extra\musl-libm\powf.c">
      <Filter>Source Files\extra\musl-libm</Filter>
    </ClCompile>
    <ClCompile Include="..\..\test\extra\musl-libm\sin.c">
      <Filter>Source Files\extra\musl-libm</Filter>
    </ClCompile>
    <ClCompile Include="..\..\test\extra\sha1\sha1.c">
      <Filter>Source Files\extra\sha1</Filter>
    </ClCompile>
    <ClCompile Include="..\..\test\resize\resize_impl_test.cpp">
      <Filter>Source Files\resize</Filter>
    </ClCompile>
    <ClCompile Include="..\..\test\main.cpp">
      <Filter>Source Files</Filter>
    </ClCompile>
    <ClCompile Include="..\..\test\graph\audit_buffer.cpp">
      <Filter>Source Files\graph</Filter>
    </ClCompile>
    <ClCompile Include="..\..\test\graph\filter_validator.cpp">
      <Filter>Source Files\graph</Filter>
    </ClCompile>
    <ClCompile Include="..\..\test\graph\mock_filter.cpp">
      <Filter>Source Files\graph</Filter>
    </ClCompile>
    <ClCompile Include="..\..\test\api\api_test.cpp">
      <Filter>Source Files\api</Filter>
    </ClCompile>
    <ClCompile Include="..\..\test\extra\musl-libm\expf.c">
      <Filter>Source Files\extra\musl-libm</Filter>
    </ClCompile>
    <ClCompile Include="..\..\test\extra\musl-libm\logf.c">
      <Filter>Source Files\extra\musl-libm</Filter>
    </ClCompile>
    <ClCompile Include="..\..\test\colorspace\gamma_test.cpp">
      <Filter>Source Files\colorspace</Filter>
    </ClCompile>
    <ClCompile Include="..\..\test\colorspace\x86\colorspace_avx_test.cpp">
      <Filter>Source Files\colorspace\x86</Filter>
    </ClCompile>
    <ClCompile Include="..\..\test\colorspace\x86\colorspace_avx2_test.cpp">
      <Filter>Source Files\colorspace\x86</Filter>
    </ClCompile>
    <ClCompile Include="..\..\test\colorspace\x86\colorspace_avx512_test.cpp">
      <Filter>Source Files\colorspace\x86</Filter>
    </ClCompile>
    <ClCompile Include="..\..\test\colorspace\x86\colorspace_sse_test.cpp">
      <Filter>Source Files\colorspace\x86</Filter>
    </ClCompile>
    <ClCompile Include="..\..\test\colorspace\x86\colorspace_sse2_test.cpp">
      <Filter>Source Files\colorspace\x86</Filter>
    </ClCompile>
    <ClCompile Include="..\..\test\depth\x86\depth_convert_avx2_test.cpp">
      <Filter>Source Files\depth\x86</Filter>
    </ClCompile>
    <ClCompile Include="..\..\test\depth\x86\depth_convert_avx512_test.cpp">
      <Filter>Source Files\depth\x86</Filter>
    </ClCompile>
    <ClCompile Include="..\..\test\depth\x86\depth_convert_sse2_test.cpp">
      <Filter>Source Files\depth\x86</Filter>
    </ClCompile>
    <ClCompile Include="..\..\test\depth\x86\dither_avx2_test.cpp">
      <Filter>Source Files\depth\x86</Filter>
    </ClCompile>
    <ClCompile Include="..\..\test\depth\x86\dither_avx512_test.cpp">
      <Filter>Source Files\depth\x86</Filter>
    </ClCompile>
    <ClCompile Include="..\..\test\depth\x86\dither_sse2_test.cpp">
      <Filter>Source Files\depth\x86</Filter>
    </ClCompile>
    <ClCompile Include="..\..\test\depth\x86\error_diffusion_avx2_test.cpp">
      <Filter>Source Files\depth\x86</Filter>
    </ClCompile>
    <ClCompile Include="..\..\test\depth\x86\error_diffusion_sse2_test.cpp">
      <Filter>Source Files\depth\x86</Filter>
    </ClCompile>
    <ClCompile Include="..\..\test\depth\x86\f16c_ivb_test.cpp">
      <Filter>Source Files\depth\x86</Filter>
    </ClCompile>
    <ClCompile Include="..\..\test\depth\x86\f16c_sse2_test.cpp">
      <Filter>Source Files\depth\x86</Filter>
    </ClCompile>
    <ClCompile Include="..\..\test\resize\x86\resize_impl_avx_test.cpp">
      <Filter>Source Files\resize\x86</Filter>
    </ClCompile>
    <ClCompile Include="..\..\test\resize\x86\resize_impl_avx2_test.cpp">
      <Filter>Source Files\resize\x86</Filter>
    </ClCompile>
    <ClCompile Include="..\..\test\resize\x86\resize_impl_avx512_test.cpp">
      <Filter>Source Files\resize\x86</Filter>
    </ClCompile>
    <ClCompile Include="..\..\test\resize\x86\resize_impl_sse_test.cpp">
      <Filter>Source Files\resize\x86</Filter>
    </ClCompile>
    <ClCompile Include="..\..\test\resize\x86\resize_impl_sse2_test.cpp">
      <Filter>Source Files\resize\x86</Filter>
    </ClCompile>
    <ClCompile Include="..\..\test\extra\musl-libm\log10f.c">
      <Filter>Source Files\extra\musl-libm</Filter>
    </ClCompile>
    <ClCompile Include="..\..\test\colorspace\x86\gamma_constants_avx512_test.cpp">
      <Filter>Source Files\colorspace\x86</Filter>
    </ClCompile>
    <ClCompile Include="..\..\test\resize\filter_test.cpp">
      <Filter>Source Files\resize</Filter>
    </ClCompile>
    <ClCompile Include="..\..\test\resize\x86\resize_impl_avx512_vnni_test.cpp">
      <Filter>Source Files\resize\x86</Filter>
    </ClCompile>
    <ClCompile Include="..\..\test\graph\filtergraph2_test.cpp">
      <Filter>Source Files\graph</Filter>
    </ClCompile>
  </ItemGroup>
  <ItemGroup>
    <ClInclude Include="..\..\test\extra\musl-libm\libm.h">
      <Filter>Header Files\extra\musl-libm</Filter>
    </ClInclude>
    <ClInclude Include="..\..\test\extra\musl-libm\mymath.h">
      <Filter>Header Files\extra\musl-libm</Filter>
    </ClInclude>
    <ClInclude Include="..\..\test\extra\sha1\config.h">
      <Filter>Header Files\extra\sha1</Filter>
    </ClInclude>
    <ClInclude Include="..\..\test\extra\sha1\sha1.h">
      <Filter>Header Files\extra\sha1</Filter>
    </ClInclude>
    <ClInclude Include="..\..\test\graph\audit_buffer.h">
      <Filter>Header Files\graph</Filter>
    </ClInclude>
    <ClInclude Include="..\..\test\graph\filter_validator.h">
      <Filter>Header Files\graph</Filter>
    </ClInclude>
    <ClInclude Include="..\..\test\graph\mock_filter.h">
      <Filter>Header Files\graph</Filter>
    </ClInclude>
  </ItemGroup>
</Project>