<?xml version="1.0" encoding="utf-8"?>
<Project ToolsVersion="4.0" xmlns="http://schemas.microsoft.com/developer/msbuild/2003">
  <ItemGroup>
    <Filter Include="Source Files">
      <UniqueIdentifier>{4FC737F1-C7A5-4376-A066-2A32D752A2FF}</UniqueIdentifier>
      <Extensions>cpp;c;cc;cxx;def;odl;idl;hpj;bat;asm;asmx</Extensions>
    </Filter>
    <Filter Include="Header Files">
      <UniqueIdentifier>{93995380-89BD-4b04-88EB-625FBE52EBFB}</UniqueIdentifier>
      <Extensions>h;hh;hpp;hxx;hm;inl;inc;xsd</Extensions>
    </Filter>
    <Filter Include="Resource Files">
      <UniqueIdentifier>{67DA6AB6-F800-4c08-8B7A-83BB121AAD01}</UniqueIdentifier>
      <Extensions>rc;ico;cur;bmp;dlg;rc2;rct;bin;rgs;gif;jpg;jpeg;jpe;resx;tiff;tif;png;wav;mfcribbon-ms</Extensions>
    </Filter>
    <Filter Include="Source Files\Common">
      <UniqueIdentifier>{86276802-4df9-45cb-9ce2-f649ac779b0c}</UniqueIdentifier>
    </Filter>
    <Filter Include="Header Files\Common">
      <UniqueIdentifier>{fd883c35-b1ef-4927-9fe5-17c821f75cfe}</UniqueIdentifier>
    </Filter>
    <Filter Include="Source Files\Extra">
      <UniqueIdentifier>{ca29a763-cb63-4d3f-95f1-1475b2f0cc77}</UniqueIdentifier>
    </Filter>
    <Filter Include="Header Files\Extra">
      <UniqueIdentifier>{afa47098-0626-408e-8476-68caddb67045}</UniqueIdentifier>
    </Filter>
    <Filter Include="Source Files\Extra\sha1">
      <UniqueIdentifier>{c0a84f8e-bc1b-49f6-baee-5dfddfafe528}</UniqueIdentifier>
    </Filter>
    <Filter Include="Header Files\Extra\sha1">
      <UniqueIdentifier>{234ab586-8a2a-482d-9b2f-b83cbda196ac}</UniqueIdentifier>
    </Filter>
    <Filter Include="Source Files\Depth">
      <UniqueIdentifier>{cf644c2d-d294-490c-bd98-0cf21c087d0a}</UniqueIdentifier>
    </Filter>
    <Filter Include="Source Files\Extra\musl-libm">
      <UniqueIdentifier>{b258cf6c-aaba-4a1a-9c6d-293f20058bcb}</UniqueIdentifier>
    </Filter>
    <Filter Include="Header Files\Extra\musl-libm">
      <UniqueIdentifier>{b0f897a4-1ed0-4995-8da4-4df7b6b46a0a}</UniqueIdentifier>
    </Filter>
    <Filter Include="Source Files\Colorspace">
      <UniqueIdentifier>{f7ac1f20-8f45-41f8-9dc3-42dce80456b5}</UniqueIdentifier>
    </Filter>
    <Filter Include="Source Files\Resize">
      <UniqueIdentifier>{05879f60-0cfb-4a61-8bf8-87b4faebd882}</UniqueIdentifier>
    </Filter>
  </ItemGroup>
  <ItemGroup>
    <ClCompile Include="..\..\UnitTest\main.cpp">
      <Filter>Source Files</Filter>
    </ClCompile>
    <ClCompile Include="..\..\UnitTest\Common\copy_filter_test.cpp">
      <Filter>Source Files\Common</Filter>
    </ClCompile>
    <ClCompile Include="..\..\UnitTest\Common\filtergraph_test.cpp">
      <Filter>Source Files\Common</Filter>
    </ClCompile>
    <ClCompile Include="..\..\UnitTest\Common\filter_validator.cpp">
      <Filter>Source Files\Common</Filter>
    </ClCompile>
    <ClCompile Include="..\..\UnitTest\Extra\sha1\sha1.c">
      <Filter>Source Files\Extra\sha1</Filter>
    </ClCompile>
    <ClCompile Include="..\..\UnitTest\Common\mock_filter.cpp">
      <Filter>Source Files\Common</Filter>
    </ClCompile>
    <ClCompile Include="..\..\UnitTest\Common\audit_buffer.cpp">
      <Filter>Source Files\Common</Filter>
    </ClCompile>
    <ClCompile Include="..\..\UnitTest\Common\mux_filter_test.cpp">
      <Filter>Source Files\Common</Filter>
    </ClCompile>
    <ClCompile Include="..\..\UnitTest\Depth\depth_convert2_test.cpp">
      <Filter>Source Files\Depth</Filter>
    </ClCompile>
    <ClCompile Include="..\..\UnitTest\Depth\dither2_test.cpp">
      <Filter>Source Files\Depth</Filter>
    </ClCompile>
    <ClCompile Include="..\..\UnitTest\Extra\musl-libm\__cos.c">
      <Filter>Source Files\Extra\musl-libm</Filter>
    </ClCompile>
    <ClCompile Include="..\..\UnitTest\Extra\musl-libm\__rem_pio2.c">
      <Filter>Source Files\Extra\musl-libm</Filter>
    </ClCompile>
    <ClCompile Include="..\..\UnitTest\Extra\musl-libm\__rem_pio2_large.c">
      <Filter>Source Files\Extra\musl-libm</Filter>
    </ClCompile>
    <ClCompile Include="..\..\UnitTest\Extra\musl-libm\cos.c">
      <Filter>Source Files\Extra\musl-libm</Filter>
    </ClCompile>
    <ClCompile Include="..\..\UnitTest\Extra\musl-libm\sin.c">
      <Filter>Source Files\Extra\musl-libm</Filter>
    </ClCompile>
    <ClCompile Include="..\..\UnitTest\Extra\musl-libm\__sin.c">
      <Filter>Source Files\Extra\musl-libm</Filter>
    </ClCompile>
    <ClCompile Include="..\..\UnitTest\Extra\musl-libm\pow.c">
      <Filter>Source Files\Extra\musl-libm</Filter>
    </ClCompile>
    <ClCompile Include="..\..\UnitTest\Extra\musl-libm\powf.c">
      <Filter>Source Files\Extra\musl-libm</Filter>
    </ClCompile>
    <ClCompile Include="..\..\UnitTest\Extra\musl-libm\fpu_wrapper.c">
      <Filter>Source Files\Extra\musl-libm</Filter>
    </ClCompile>
    <ClCompile Include="..\..\UnitTest\Colorspace\colorspace2_test.cpp">
      <Filter>Source Files\Colorspace</Filter>
    </ClCompile>
    <ClCompile Include="..\..\UnitTest\Resize\resize_impl2_test.cpp">
      <Filter>Source Files\Resize</Filter>
    </ClCompile>
    <ClCompile Include="..\..\UnitTest\Resize\resize_impl2_sse_test.cpp">
      <Filter>Source Files\Resize</Filter>
    </ClCompile>
  </ItemGroup>
  <ItemGroup>
    <ClInclude Include="..\..\UnitTest\Extra\sha1\sha1.h">
      <Filter>Header Files\Extra\sha1</Filter>
    </ClInclude>
    <ClInclude Include="..\..\UnitTest\Extra\sha1\config.h">
      <Filter>Header Files\Extra\sha1</Filter>
    </ClInclude>
    <ClInclude Include="..\..\UnitTest\Common\filter_validator.h">
      <Filter>Header Files\Common</Filter>
    </ClInclude>
    <ClInclude Include="..\..\UnitTest\Common\mock_filter.h">
      <Filter>Header Files\Common</Filter>
    </ClInclude>
    <ClInclude Include="..\..\UnitTest\Common\audit_buffer.h">
      <Filter>Header Files\Common</Filter>
    </ClInclude>
    <ClInclude Include="..\..\UnitTest\Extra\musl-libm\libm.h">
      <Filter>Header Files\Extra\musl-libm</Filter>
    </ClInclude>
    <ClInclude Include="..\..\UnitTest\Extra\musl-libm\mymath.h">
      <Filter>Header Files\Extra\musl-libm</Filter>
    </ClInclude>
  </ItemGroup>
</Project>