
Microsoft Visual Studio Solution File, Format Version 12.00
# Visual Studio Version 17
VisualStudioVersion = 17.1.32414.318
MinimumVisualStudioVersion = 10.0.40219.1
Project("{8BC9CEB8-8B4A-11D0-8D11-00A0C91BC942}") = "testapp", "testapp\testapp.vcxproj", "{B85E6CC0-ED80-487D-805A-DA3597A15CE6}"
	ProjectSection(ProjectDependencies) = postProject
		{C8629E57-4D6F-40FA-82FC-B39824195932} = {C8629E57-4D6F-40FA-82FC-B39824195932}
		{3849AF96-797C-4322-AD39-810D8367684D} = {3849AF96-797C-4322-AD39-810D8367684D}
	EndProjectSection
EndProject
Project("{8BC9CEB8-8B4A-11D0-8D11-00A0C91BC942}") = "_example_api", "_example_api\_example_api.vcxproj", "{66EEC0BD-2C32-4B40-A180-B4C25B484D23}"
	ProjectSection(ProjectDependencies) = postProject
		{C8629E57-4D6F-40FA-82FC-B39824195932} = {C8629E57-4D6F-40FA-82FC-B39824195932}
		{96822C64-B0B6-49F3-A24C-F9C5FDB02DD3} = {96822C64-B0B6-49F3-A24C-F9C5FDB02DD3}
		{3849AF96-797C-4322-AD39-810D8367684D} = {3849AF96-797C-4322-AD39-810D8367684D}
	EndProjectSection
EndProject
Project("{8BC9CEB8-8B4A-11D0-8D11-00A0C91BC942}") = "testcommon", "testcommon\testcommon.vcxproj", "{3849AF96-797C-4322-AD39-810D8367684D}"
EndProject
Project("{8BC9CEB8-8B4A-11D0-8D11-00A0C91BC942}") = "_example_api_c", "_example_api_c\_example_api_c.vcxproj", "{A8C79983-2F34-4E94-A86C-C44130FAB928}"
	ProjectSection(ProjectDependencies) = postProject
		{C8629E57-4D6F-40FA-82FC-B39824195932} = {C8629E57-4D6F-40FA-82FC-B39824195932}
		{96822C64-B0B6-49F3-A24C-F9C5FDB02DD3} = {96822C64-B0B6-49F3-A24C-F9C5FDB02DD3}
		{3849AF96-797C-4322-AD39-810D8367684D} = {3849AF96-797C-4322-AD39-810D8367684D}
	EndProjectSection
EndProject
Project("{8BC9CEB8-8B4A-11D0-8D11-00A0C91BC942}") = "_example_interlace", "_example_interlace\_example_interlace.vcxproj", "{6D8D14B2-6D32-45E3-A205-AA74DE2FBE7F}"
	ProjectSection(ProjectDependencies) = postProject
		{C8629E57-4D6F-40FA-82FC-B39824195932} = {C8629E57-4D6F-40FA-82FC-B39824195932}
		{96822C64-B0B6-49F3-A24C-F9C5FDB02DD3} = {96822C64-B0B6-49F3-A24C-F9C5FDB02DD3}
		{3849AF96-797C-4322-AD39-810D8367684D} = {3849AF96-797C-4322-AD39-810D8367684D}
	EndProjectSection
EndProject
Project("{8BC9CEB8-8B4A-11D0-8D11-00A0C91BC942}") = "zimg", "zimg\zimg.vcxproj", "{C8629E57-4D6F-40FA-82FC-B39824195932}"
EndProject
Project("{8BC9CEB8-8B4A-11D0-8D11-00A0C91BC942}") = "unit_test", "unit_test\unit_test.vcxproj", "{DDD98DB2-2ABE-4550-9F8C-0E4E4E991D73}"
	ProjectSection(ProjectDependencies) = postProject
		{C8629E57-4D6F-40FA-82FC-B39824195932} = {C8629E57-4D6F-40FA-82FC-B39824195932}
	EndProjectSection
EndProject
Project("{8BC9CEB8-8B4A-11D0-8D11-00A0C91BC942}") = "dll", "dll\dll.vcxproj", "{96822C64-B0B6-49F3-A24C-F9C5FDB02DD3}"
	ProjectSection(ProjectDependencies) = postProject
		{C8629E57-4D6F-40FA-82FC-B39824195932} = {C8629E57-4D6F-40FA-82FC-B39824195932}
	EndProjectSection
EndProject
Project("{8BC9CEB8-8B4A-11D0-8D11-00A0C91BC942}") = "_example_hdr", "_example_hdr\_example_hdr.vcxproj", "{613FBE86-C438-4F7C-AB69-4C024C5305D5}"
	ProjectSection(ProjectDependencies) = postProject
		{C8629E57-4D6F-40FA-82FC-B39824195932} = {C8629E57-4D6F-40FA-82FC-B39824195932}
		{96822C64-B0B6-49F3-A24C-F9C5FDB02DD3} = {96822C64-B0B6-49F3-A24C-F9C5FDB02DD3}
		{3849AF96-797C-4322-AD39-810D8367684D} = {3849AF96-797C-4322-AD39-810D8367684D}
	EndProjectSection
EndProject
Project("{8BC9CEB8-8B4A-11D0-8D11-00A0C91BC942}") = "_example_tile", "_example_tile\_example_tile.vcxproj", "{53972BF2-7BFE-4A09-81E0-DC6EAF065D94}"
	ProjectSection(ProjectDependencies) = postProject
		{C8629E57-4D6F-40FA-82FC-B39824195932} = {C8629E57-4D6F-40FA-82FC-B39824195932}
		{96822C64-B0B6-49F3-A24C-F9C5FDB02DD3} = {96822C64-B0B6-49F3-A24C-F9C5FDB02DD3}
		{3849AF96-797C-4322-AD39-810D8367684D} = {3849AF96-797C-4322-AD39-810D8367684D}
	EndProjectSection
EndProject
Project("{8BC9CEB8-8B4A-11D0-8D11-00A0C91BC942}") = "graphengine_srcs", "..\graphengine\_msvc\graphengine_srcs\graphengine_srcs.vcxitems", "{E6991282-4AD2-4CC1-8DA5-5B44D2053A3C}"
EndProject
Project("{8BC9CEB8-8B4A-11D0-8D11-00A0C91BC942}") = "filter_validation_srcs", "..\graphengine\_msvc\filter_validation_srcs\filter_validation_srcs.vcxitems", "{41F372EC-398B-40BE-A743-791BC42EB60C}"
EndProject
Project("{2150E333-8FDC-42A3-9474-1A3956D46DE8}") = "graphengine", "graphengine", "{373600FA-F798-4BCF-BFA5-664B1A9F2E20}"
EndProject
Global
	GlobalSection(SolutionConfigurationPlatforms) = preSolution
		Debug|ARM = Debug|ARM
		Debug|ARM64 = Debug|ARM64
		Debug|Win32 = Debug|Win32
		Debug|x64 = Debug|x64
		Release|ARM = Release|ARM
		Release|ARM64 = Release|ARM64
		Release|Win32 = Release|Win32
		Release|x64 = Release|x64
	EndGlobalSection
	GlobalSection(ProjectConfigurationPlatforms) = postSolution
		{B85E6CC0-ED80-487D-805A-DA3597A15CE6}.Debug|ARM.ActiveCfg = Debug|ARM
		{B85E6CC0-ED80-487D-805A-DA3597A15CE6}.Debug|ARM.Build.0 = Debug|ARM
		{B85E6CC0-ED80-487D-805A-DA3597A15CE6}.Debug|ARM64.ActiveCfg = Debug|ARM64
		{B85E6CC0-ED80-487D-805A-DA3597A15CE6}.Debug|ARM64.Build.0 = Debug|ARM64
		{B85E6CC0-ED80-487D-805A-DA3597A15CE6}.Debug|Win32.ActiveCfg = Debug|Win32
		{B85E6CC0-ED80-487D-805A-DA3597A15CE6}.Debug|Win32.Build.0 = Debug|Win32
		{B85E6CC0-ED80-487D-805A-DA3597A15CE6}.Debug|x64.ActiveCfg = Debug|x64
		{B85E6CC0-ED80-487D-805A-DA3597A15CE6}.Debug|x64.Build.0 = Debug|x64
		{B85E6CC0-ED80-487D-805A-DA3597A15CE6}.Release|ARM.ActiveCfg = Release|ARM
		{B85E6CC0-ED80-487D-805A-DA3597A15CE6}.Release|ARM.Build.0 = Release|ARM
		{B85E6CC0-ED80-487D-805A-DA3597A15CE6}.Release|ARM64.ActiveCfg = Release|ARM64
		{B85E6CC0-ED80-487D-805A-DA3597A15CE6}.Release|ARM64.Build.0 = Release|ARM64
		{B85E6CC0-ED80-487D-805A-DA3597A15CE6}.Release|Win32.ActiveCfg = Release|Win32
		{B85E6CC0-ED80-487D-805A-DA3597A15CE6}.Release|Win32.Build.0 = Release|Win32
		{B85E6CC0-ED80-487D-805A-DA3597A15CE6}.Release|x64.ActiveCfg = Release|x64
		{B85E6CC0-ED80-487D-805A-DA3597A15CE6}.Release|x64.Build.0 = Release|x64
		{66EEC0BD-2C32-4B40-A180-B4C25B484D23}.Debug|ARM.ActiveCfg = Debug|ARM
		{66EEC0BD-2C32-4B40-A180-B4C25B484D23}.Debug|ARM.Build.0 = Debug|ARM
		{66EEC0BD-2C32-4B40-A180-B4C25B484D23}.Debug|ARM64.ActiveCfg = Debug|ARM64
		{66EEC0BD-2C32-4B40-A180-B4C25B484D23}.Debug|ARM64.Build.0 = Debug|ARM64
		{66EEC0BD-2C32-4B40-A180-B4C25B484D23}.Debug|Win32.ActiveCfg = Debug|Win32
		{66EEC0BD-2C32-4B40-A180-B4C25B484D23}.Debug|Win32.Build.0 = Debug|Win32
		{66EEC0BD-2C32-4B40-A180-B4C25B484D23}.Debug|x64.ActiveCfg = Debug|x64
		{66EEC0BD-2C32-4B40-A180-B4C25B484D23}.Debug|x64.Build.0 = Debug|x64
		{66EEC0BD-2C32-4B40-A180-B4C25B484D23}.Release|ARM.ActiveCfg = Release|ARM
		{66EEC0BD-2C32-4B40-A180-B4C25B484D23}.Release|ARM.Build.0 = Release|ARM
		{66EEC0BD-2C32-4B40-A180-B4C25B484D23}.Release|ARM64.ActiveCfg = Release|ARM64
		{66EEC0BD-2C32-4B40-A180-B4C25B484D23}.Release|ARM64.Build.0 = Release|ARM64
		{66EEC0BD-2C32-4B40-A180-B4C25B484D23}.Release|Win32.ActiveCfg = Release|Win32
		{66EEC0BD-2C32-4B40-A180-B4C25B484D23}.Release|Win32.Build.0 = Release|Win32
		{66EEC0BD-2C32-4B40-A180-B4C25B484D23}.Release|x64.ActiveCfg = Release|x64
		{66EEC0BD-2C32-4B40-A180-B4C25B484D23}.Release|x64.Build.0 = Release|x64
		{3849AF96-797C-4322-AD39-810D8367684D}.Debug|ARM.ActiveCfg = Debug|ARM
		{3849AF96-797C-4322-AD39-810D8367684D}.Debug|ARM.Build.0 = Debug|ARM
		{3849AF96-797C-4322-AD39-810D8367684D}.Debug|ARM64.ActiveCfg = Debug|ARM64
		{3849AF96-797C-4322-AD39-810D8367684D}.Debug|ARM64.Build.0 = Debug|ARM64
		{3849AF96-797C-4322-AD39-810D8367684D}.Debug|Win32.ActiveCfg = Debug|Win32
		{3849AF96-797C-4322-AD39-810D8367684D}.Debug|Win32.Build.0 = Debug|Win32
		{3849AF96-797C-4322-AD39-810D8367684D}.Debug|x64.ActiveCfg = Debug|x64
		{3849AF96-797C-4322-AD39-810D8367684D}.Debug|x64.Build.0 = Debug|x64
		{3849AF96-797C-4322-AD39-810D8367684D}.Release|ARM.ActiveCfg = Release|ARM
		{3849AF96-797C-4322-AD39-810D8367684D}.Release|ARM.Build.0 = Release|ARM
		{3849AF96-797C-4322-AD39-810D8367684D}.Release|ARM64.ActiveCfg = Release|ARM64
		{3849AF96-797C-4322-AD39-810D8367684D}.Release|ARM64.Build.0 = Release|ARM64
		{3849AF96-797C-4322-AD39-810D8367684D}.Release|Win32.ActiveCfg = Release|Win32
		{3849AF96-797C-4322-AD39-810D8367684D}.Release|Win32.Build.0 = Release|Win32
		{3849AF96-797C-4322-AD39-810D8367684D}.Release|x64.ActiveCfg = Release|x64
		{3849AF96-797C-4322-AD39-810D8367684D}.Release|x64.Build.0 = Release|x64
		{A8C79983-2F34-4E94-A86C-C44130FAB928}.Debug|ARM.ActiveCfg = Debug|ARM
		{A8C79983-2F34-4E94-A86C-C44130FAB928}.Debug|ARM.Build.0 = Debug|ARM
		{A8C79983-2F34-4E94-A86C-C44130FAB928}.Debug|ARM64.ActiveCfg = Debug|ARM64
		{A8C79983-2F34-4E94-A86C-C44130FAB928}.Debug|ARM64.Build.0 = Debug|ARM64
		{A8C79983-2F34-4E94-A86C-C44130FAB928}.Debug|Win32.ActiveCfg = Debug|Win32
		{A8C79983-2F34-4E94-A86C-C44130FAB928}.Debug|Win32.Build.0 = Debug|Win32
		{A8C79983-2F34-4E94-A86C-C44130FAB928}.Debug|x64.ActiveCfg = Debug|x64
		{A8C79983-2F34-4E94-A86C-C44130FAB928}.Debug|x64.Build.0 = Debug|x64
		{A8C79983-2F34-4E94-A86C-C44130FAB928}.Release|ARM.ActiveCfg = Release|ARM
		{A8C79983-2F34-4E94-A86C-C44130FAB928}.Release|ARM.Build.0 = Release|ARM
		{A8C79983-2F34-4E94-A86C-C44130FAB928}.Release|ARM64.ActiveCfg = Release|ARM64
		{A8C79983-2F34-4E94-A86C-C44130FAB928}.Release|ARM64.Build.0 = Release|ARM64
		{A8C79983-2F34-4E94-A86C-C44130FAB928}.Release|Win32.ActiveCfg = Release|Win32
		{A8C79983-2F34-4E94-A86C-C44130FAB928}.Release|Win32.Build.0 = Release|Win32
		{A8C79983-2F34-4E94-A86C-C44130FAB928}.Release|x64.ActiveCfg = Release|x64
		{A8C79983-2F34-4E94-A86C-C44130FAB928}.Release|x64.Build.0 = Release|x64
		{6D8D14B2-6D32-45E3-A205-AA74DE2FBE7F}.Debug|ARM.ActiveCfg = Debug|ARM
		{6D8D14B2-6D32-45E3-A205-AA74DE2FBE7F}.Debug|ARM.Build.0 = Debug|ARM
		{6D8D14B2-6D32-45E3-A205-AA74DE2FBE7F}.Debug|ARM64.ActiveCfg = Debug|ARM64
		{6D8D14B2-6D32-45E3-A205-AA74DE2FBE7F}.Debug|ARM64.Build.0 = Debug|ARM64
		{6D8D14B2-6D32-45E3-A205-AA74DE2FBE7F}.Debug|Win32.ActiveCfg = Debug|Win32
		{6D8D14B2-6D32-45E3-A205-AA74DE2FBE7F}.Debug|Win32.Build.0 = Debug|Win32
		{6D8D14B2-6D32-45E3-A205-AA74DE2FBE7F}.Debug|x64.ActiveCfg = Debug|x64
		{6D8D14B2-6D32-45E3-A205-AA74DE2FBE7F}.Debug|x64.Build.0 = Debug|x64
		{6D8D14B2-6D32-45E3-A205-AA74DE2FBE7F}.Release|ARM.ActiveCfg = Release|ARM
		{6D8D14B2-6D32-45E3-A205-AA74DE2FBE7F}.Release|ARM.Build.0 = Release|ARM
		{6D8D14B2-6D32-45E3-A205-AA74DE2FBE7F}.Release|ARM64.ActiveCfg = Release|ARM64
		{6D8D14B2-6D32-45E3-A205-AA74DE2FBE7F}.Release|ARM64.Build.0 = Release|ARM64
		{6D8D14B2-6D32-45E3-A205-AA74DE2FBE7F}.Release|Win32.ActiveCfg = Release|Win32
		{6D8D14B2-6D32-45E3-A205-AA74DE2FBE7F}.Release|Win32.Build.0 = Release|Win32
		{6D8D14B2-6D32-45E3-A205-AA74DE2FBE7F}.Release|x64.ActiveCfg = Release|x64
		{6D8D14B2-6D32-45E3-A205-AA74DE2FBE7F}.Release|x64.Build.0 = Release|x64
		{C8629E57-4D6F-40FA-82FC-B39824195932}.Debug|ARM.ActiveCfg = Debug|ARM
		{C8629E57-4D6F-40FA-82FC-B39824195932}.Debug|ARM.Build.0 = Debug|ARM
		{C8629E57-4D6F-40FA-82FC-B39824195932}.Debug|ARM64.ActiveCfg = Debug|ARM64
		{C8629E57-4D6F-40FA-82FC-B39824195932}.Debug|ARM64.Build.0 = Debug|ARM64
		{C8629E57-4D6F-40FA-82FC-B39824195932}.Debug|Win32.ActiveCfg = Debug|Win32
		{C8629E57-4D6F-40FA-82FC-B39824195932}.Debug|Win32.Build.0 = Debug|Win32
		{C8629E57-4D6F-40FA-82FC-B39824195932}.Debug|x64.ActiveCfg = Debug|x64
		{C8629E57-4D6F-40FA-82FC-B39824195932}.Debug|x64.Build.0 = Debug|x64
		{C8629E57-4D6F-40FA-82FC-B39824195932}.Release|ARM.ActiveCfg = Release|ARM
		{C8629E57-4D6F-40FA-82FC-B39824195932}.Release|ARM.Build.0 = Release|ARM
		{C8629E57-4D6F-40FA-82FC-B39824195932}.Release|ARM64.ActiveCfg = Release|ARM64
		{C8629E57-4D6F-40FA-82FC-B39824195932}.Release|ARM64.Build.0 = Release|ARM64
		{C8629E57-4D6F-40FA-82FC-B39824195932}.Release|Win32.ActiveCfg = Release|Win32
		{C8629E57-4D6F-40FA-82FC-B39824195932}.Release|Win32.Build.0 = Release|Win32
		{C8629E57-4D6F-40FA-82FC-B39824195932}.Release|x64.ActiveCfg = Release|x64
		{C8629E57-4D6F-40FA-82FC-B39824195932}.Release|x64.Build.0 = Release|x64
		{DDD98DB2-2ABE-4550-9F8C-0E4E4E991D73}.Debug|ARM.ActiveCfg = Debug|ARM
		{DDD98DB2-2ABE-4550-9F8C-0E4E4E991D73}.Debug|ARM.Build.0 = Debug|ARM
		{DDD98DB2-2ABE-4550-9F8C-0E4E4E991D73}.Debug|ARM64.ActiveCfg = Debug|ARM64
		{DDD98DB2-2ABE-4550-9F8C-0E4E4E991D73}.Debug|ARM64.Build.0 = Debug|ARM64
		{DDD98DB2-2ABE-4550-9F8C-0E4E4E991D73}.Debug|Win32.ActiveCfg = Debug|Win32
		{DDD98DB2-2ABE-4550-9F8C-0E4E4E991D73}.Debug|Win32.Build.0 = Debug|Win32
		{DDD98DB2-2ABE-4550-9F8C-0E4E4E991D73}.Debug|x64.ActiveCfg = Debug|x64
		{DDD98DB2-2ABE-4550-9F8C-0E4E4E991D73}.Debug|x64.Build.0 = Debug|x64
		{DDD98DB2-2ABE-4550-9F8C-0E4E4E991D73}.Release|ARM.ActiveCfg = Release|ARM
		{DDD98DB2-2ABE-4550-9F8C-0E4E4E991D73}.Release|ARM.Build.0 = Release|ARM
		{DDD98DB2-2ABE-4550-9F8C-0E4E4E991D73}.Release|ARM64.ActiveCfg = Release|ARM64
		{DDD98DB2-2ABE-4550-9F8C-0E4E4E991D73}.Release|ARM64.Build.0 = Release|ARM64
		{DDD98DB2-2ABE-4550-9F8C-0E4E4E991D73}.Release|Win32.ActiveCfg = Release|Win32
		{DDD98DB2-2ABE-4550-9F8C-0E4E4E991D73}.Release|Win32.Build.0 = Release|Win32
		{DDD98DB2-2ABE-4550-9F8C-0E4E4E991D73}.Release|x64.ActiveCfg = Release|x64
		{DDD98DB2-2ABE-4550-9F8C-0E4E4E991D73}.Release|x64.Build.0 = Release|x64
		{96822C64-B0B6-49F3-A24C-F9C5FDB02DD3}.Debug|ARM.ActiveCfg = Debug|ARM
		{96822C64-B0B6-49F3-A24C-F9C5FDB02DD3}.Debug|ARM.Build.0 = Debug|ARM
		{96822C64-B0B6-49F3-A24C-F9C5FDB02DD3}.Debug|ARM64.ActiveCfg = Debug|ARM64
		{96822C64-B0B6-49F3-A24C-F9C5FDB02DD3}.Debug|ARM64.Build.0 = Debug|ARM64
		{96822C64-B0B6-49F3-A24C-F9C5FDB02DD3}.Debug|Win32.ActiveCfg = Debug|Win32
		{96822C64-B0B6-49F3-A24C-F9C5FDB02DD3}.Debug|Win32.Build.0 = Debug|Win32
		{96822C64-B0B6-49F3-A24C-F9C5FDB02DD3}.Debug|x64.ActiveCfg = Debug|x64
		{96822C64-B0B6-49F3-A24C-F9C5FDB02DD3}.Debug|x64.Build.0 = Debug|x64
		{96822C64-B0B6-49F3-A24C-F9C5FDB02DD3}.Release|ARM.ActiveCfg = Release|ARM
		{96822C64-B0B6-49F3-A24C-F9C5FDB02DD3}.Release|ARM.Build.0 = Release|ARM
		{96822C64-B0B6-49F3-A24C-F9C5FDB02DD3}.Release|ARM64.ActiveCfg = Release|ARM64
		{96822C64-B0B6-49F3-A24C-F9C5FDB02DD3}.Release|ARM64.Build.0 = Release|ARM64
		{96822C64-B0B6-49F3-A24C-F9C5FDB02DD3}.Release|Win32.ActiveCfg = Release|Win32
		{96822C64-B0B6-49F3-A24C-F9C5FDB02DD3}.Release|Win32.Build.0 = Release|Win32
		{96822C64-B0B6-49F3-A24C-F9C5FDB02DD3}.Release|x64.ActiveCfg = Release|x64
		{96822C64-B0B6-49F3-A24C-F9C5FDB02DD3}.Release|x64.Build.0 = Release|x64
		{613FBE86-C438-4F7C-AB69-4C024C5305D5}.Debug|ARM.ActiveCfg = Debug|ARM
		{613FBE86-C438-4F7C-AB69-4C024C5305D5}.Debug|ARM.Build.0 = Debug|ARM
		{613FBE86-C438-4F7C-AB69-4C024C5305D5}.Debug|ARM64.ActiveCfg = Debug|ARM64
		{613FBE86-C438-4F7C-AB69-4C024C5305D5}.Debug|ARM64.Build.0 = Debug|ARM64
		{613FBE86-C438-4F7C-AB69-4C024C5305D5}.Debug|Win32.ActiveCfg = Debug|Win32
		{613FBE86-C438-4F7C-AB69-4C024C5305D5}.Debug|Win32.Build.0 = Debug|Win32
		{613FBE86-C438-4F7C-AB69-4C024C5305D5}.Debug|x64.ActiveCfg = Debug|x64
		{613FBE86-C438-4F7C-AB69-4C024C5305D5}.Debug|x64.Build.0 = Debug|x64
		{613FBE86-C438-4F7C-AB69-4C024C5305D5}.Release|ARM.ActiveCfg = Release|ARM
		{613FBE86-C438-4F7C-AB69-4C024C5305D5}.Release|ARM.Build.0 = Release|ARM
		{613FBE86-C438-4F7C-AB69-4C024C5305D5}.Release|ARM64.ActiveCfg = Release|ARM64
		{613FBE86-C438-4F7C-AB69-4C024C5305D5}.Release|ARM64.Build.0 = Release|ARM64
		{613FBE86-C438-4F7C-AB69-4C024C5305D5}.Release|Win32.ActiveCfg = Release|Win32
		{613FBE86-C438-4F7C-AB69-4C024C5305D5}.Release|Win32.Build.0 = Release|Win32
		{613FBE86-C438-4F7C-AB69-4C024C5305D5}.Release|x64.ActiveCfg = Release|x64
		{613FBE86-C438-4F7C-AB69-4C024C5305D5}.Release|x64.Build.0 = Release|x64
		{53972BF2-7BFE-4A09-81E0-DC6EAF065D94}.Debug|ARM.ActiveCfg = Debug|ARM
		{53972BF2-7BFE-4A09-81E0-DC6EAF065D94}.Debug|ARM.Build.0 = Debug|ARM
		{53972BF2-7BFE-4A09-81E0-DC6EAF065D94}.Debug|ARM64.ActiveCfg = Debug|ARM64
		{53972BF2-7BFE-4A09-81E0-DC6EAF065D94}.Debug|ARM64.Build.0 = Debug|ARM64
		{53972BF2-7BFE-4A09-81E0-DC6EAF065D94}.Debug|Win32.ActiveCfg = Debug|Win32
		{53972BF2-7BFE-4A09-81E0-DC6EAF065D94}.Debug|Win32.Build.0 = Debug|Win32
		{53972BF2-7BFE-4A09-81E0-DC6EAF065D94}.Debug|x64.ActiveCfg = Debug|x64
		{53972BF2-7BFE-4A09-81E0-DC6EAF065D94}.Debug|x64.Build.0 = Debug|x64
		{53972BF2-7BFE-4A09-81E0-DC6EAF065D94}.Release|ARM.ActiveCfg = Release|ARM
		{53972BF2-7BFE-4A09-81E0-DC6EAF065D94}.Release|ARM.Build.0 = Release|ARM
		{53972BF2-7BFE-4A09-81E0-DC6EAF065D94}.Release|ARM64.ActiveCfg = Release|ARM64
		{53972BF2-7BFE-4A09-81E0-DC6EAF065D94}.Release|ARM64.Build.0 = Release|ARM64
		{53972BF2-7BFE-4A09-81E0-DC6EAF065D94}.Release|Win32.ActiveCfg = Release|Win32
		{53972BF2-7BFE-4A09-81E0-DC6EAF065D94}.Release|Win32.Build.0 = Release|Win32
		{53972BF2-7BFE-4A09-81E0-DC6EAF065D94}.Release|x64.ActiveCfg = Release|x64
		{53972BF2-7BFE-4A09-81E0-DC6EAF065D94}.Release|x64.Build.0 = Release|x64
	EndGlobalSection
	GlobalSection(SolutionProperties) = preSolution
		HideSolutionNode = FALSE
	EndGlobalSection
	GlobalSection(NestedProjects) = preSolution
		{E6991282-4AD2-4CC1-8DA5-5B44D2053A3C} = {373600FA-F798-4BCF-BFA5-664B1A9F2E20}
		{41F372EC-398B-40BE-A743-791BC42EB60C} = {373600FA-F798-4BCF-BFA5-664B1A9F2E20}
	EndGlobalSection
	GlobalSection(ExtensibilityGlobals) = postSolution
		SolutionGuid = {7FFA5D93-B87E-4781-9DC1-6986CB81E6E5}
	EndGlobalSection
	GlobalSection(SharedMSBuildProjectFiles) = preSolution
		..\graphengine\_msvc\filter_validation_srcs\filter_validation_srcs.vcxitems*{41f372ec-398b-40be-a743-791bc42eb60c}*SharedItemsImports = 9
		..\graphengine\_msvc\graphengine_srcs\graphengine_srcs.vcxitems*{c8629e57-4d6f-40fa-82fc-b39824195932}*SharedItemsImports = 4
		..\graphengine\_msvc\filter_validation_srcs\filter_validation_srcs.vcxitems*{ddd98db2-2abe-4550-9f8c-0e4e4e991d73}*SharedItemsImports = 4
		..\graphengine\_msvc\graphengine_srcs\graphengine_srcs.vcxitems*{e6991282-4ad2-4cc1-8da5-5b44d2053a3c}*SharedItemsImports = 9
	EndGlobalSection
EndGlobal
