
Microsoft Visual Studio Solution File, Format Version 12.00
# Visual Studio 15
VisualStudioVersion = 15.0.26228.4
MinimumVisualStudioVersion = 10.0.40219.1
Project("{8BC9CEB8-8B4A-11D0-8D11-00A0C91BC942}") = "testapp", "testapp\testapp.vcxproj", "{B85E6CC0-ED80-487D-805A-DA3597A15CE6}"
	ProjectSection(ProjectDependencies) = postProject
		{C8629E57-4D6F-40FA-82FC-B39824195932} = {C8629E57-4D6F-40FA-82FC-B39824195932}
		{3849AF96-797C-4322-AD39-810D8367684D} = {3849AF96-797C-4322-AD39-810D8367684D}
	EndProjectSection
EndProject
Project("{8BC9CEB8-8B4A-11D0-8D11-00A0C91BC942}") = "_example_api", "_example_api\_example_api.vcxproj", "{66EEC0BD-2C32-4B40-A180-B4C25B484D23}"
	ProjectSection(ProjectDependencies) = postProject
		{C8629E57-4D6F-40FA-82FC-B39824195932} = {C8629E57-4D6F-40FA-82FC-B39824195932}
		{96822C64-B0B6-49F3-A24C-F9C5FDB02DD3} = {96822C64-B0B6-49F3-A24C-F9C5FDB02DD3}
		{3849AF96-797C-4322-AD39-810D8367684D} = {3849AF96-797C-4322-AD39-810D8367684D}
	EndProjectSection
EndProject
Project("{8BC9CEB8-8B4A-11D0-8D11-00A0C91BC942}") = "testcommon", "testcommon\testcommon.vcxproj", "{3849AF96-797C-4322-AD39-810D8367684D}"
EndProject
Project("{8BC9CEB8-8B4A-11D0-8D11-00A0C91BC942}") = "_example_api_c", "_example_api_c\_example_api_c.vcxproj", "{A8C79983-2F34-4E94-A86C-C44130FAB928}"
	ProjectSection(ProjectDependencies) = postProject
		{C8629E57-4D6F-40FA-82FC-B39824195932} = {C8629E57-4D6F-40FA-82FC-B39824195932}
		{96822C64-B0B6-49F3-A24C-F9C5FDB02DD3} = {96822C64-B0B6-49F3-A24C-F9C5FDB02DD3}
		{3849AF96-797C-4322-AD39-810D8367684D} = {3849AF96-797C-4322-AD39-810D8367684D}
	EndProjectSection
EndProject
Project("{8BC9CEB8-8B4A-11D0-8D11-00A0C91BC942}") = "_example_interlace", "_example_interlace\_example_interlace.vcxproj", "{6D8D14B2-6D32-45E3-A205-AA74DE2FBE7F}"
	ProjectSection(ProjectDependencies) = postProject
		{C8629E57-4D6F-40FA-82FC-B39824195932} = {C8629E57-4D6F-40FA-82FC-B39824195932}
		{96822C64-B0B6-49F3-A24C-F9C5FDB02DD3} = {96822C64-B0B6-49F3-A24C-F9C5FDB02DD3}
		{3849AF96-797C-4322-AD39-810D8367684D} = {3849AF96-797C-4322-AD39-810D8367684D}
	EndProjectSection
EndProject
Project("{8BC9CEB8-8B4A-11D0-8D11-00A0C91BC942}") = "zimg", "zimg\zimg.vcxproj", "{C8629E57-4D6F-40FA-82FC-B39824195932}"
EndProject
Project("{8BC9CEB8-8B4A-11D0-8D11-00A0C91BC942}") = "unit_test", "unit_test\unit_test.vcxproj", "{DDD98DB2-2ABE-4550-9F8C-0E4E4E991D73}"
	ProjectSection(ProjectDependencies) = postProject
		{C8629E57-4D6F-40FA-82FC-B39824195932} = {C8629E57-4D6F-40FA-82FC-B39824195932}
	EndProjectSection
EndProject
Project("{8BC9CEB8-8B4A-11D0-8D11-00A0C91BC942}") = "_example_alpha", "_example_alpha\_example_alpha.vcxproj", "{3C822249-7551-4086-AF0B-F43871F36191}"
	ProjectSection(ProjectDependencies) = postProject
		{C8629E57-4D6F-40FA-82FC-B39824195932} = {C8629E57-4D6F-40FA-82FC-B39824195932}
		{96822C64-B0B6-49F3-A24C-F9C5FDB02DD3} = {96822C64-B0B6-49F3-A24C-F9C5FDB02DD3}
		{3849AF96-797C-4322-AD39-810D8367684D} = {3849AF96-797C-4322-AD39-810D8367684D}
	EndProjectSection
EndProject
Project("{8BC9CEB8-8B4A-11D0-8D11-00A0C91BC942}") = "zimg_universal", "zimg_universal\zimg_universal.vcxproj", "{DBBFB1CB-5854-490C-B549-63F7B8FBE1F2}"
EndProject
Project("{8BC9CEB8-8B4A-11D0-8D11-00A0C91BC942}") = "dll", "dll\dll.vcxproj", "{96822C64-B0B6-49F3-A24C-F9C5FDB02DD3}"
	ProjectSection(ProjectDependencies) = postProject
		{C8629E57-4D6F-40FA-82FC-B39824195932} = {C8629E57-4D6F-40FA-82FC-B39824195932}
	EndProjectSection
EndProject
Project("{8BC9CEB8-8B4A-11D0-8D11-00A0C91BC942}") = "dll_universal", "dll_universal\dll_universal.vcxproj", "{DC46DBC0-F7BB-40F1-B57F-DC884057340F}"
	ProjectSection(ProjectDependencies) = postProject
		{DBBFB1CB-5854-490C-B549-63F7B8FBE1F2} = {DBBFB1CB-5854-490C-B549-63F7B8FBE1F2}
	EndProjectSection
EndProject
Project("{8BC9CEB8-8B4A-11D0-8D11-00A0C91BC942}") = "_example_hdr", "_example_hdr\_example_hdr.vcxproj", "{613FBE86-C438-4F7C-AB69-4C024C5305D5}"
	ProjectSection(ProjectDependencies) = postProject
		{C8629E57-4D6F-40FA-82FC-B39824195932} = {C8629E57-4D6F-40FA-82FC-B39824195932}
		{96822C64-B0B6-49F3-A24C-F9C5FDB02DD3} = {96822C64-B0B6-49F3-A24C-F9C5FDB02DD3}
		{3849AF96-797C-4322-AD39-810D8367684D} = {3849AF96-797C-4322-AD39-810D8367684D}
	EndProjectSection
EndProject
Global
	GlobalSection(SolutionConfigurationPlatforms) = preSolution
		Debug|ARM = Debug|ARM
		Debug|Win32 = Debug|Win32
		Debug|x64 = Debug|x64
		Release|ARM = Release|ARM
		Release|Win32 = Release|Win32
		Release|x64 = Release|x64
	EndGlobalSection
	GlobalSection(ProjectConfigurationPlatforms) = postSolution
		{B85E6CC0-ED80-487D-805A-DA3597A15CE6}.Debug|ARM.ActiveCfg = Debug|Win32
		{B85E6CC0-ED80-487D-805A-DA3597A15CE6}.Debug|Win32.ActiveCfg = Debug|Win32
		{B85E6CC0-ED80-487D-805A-DA3597A15CE6}.Debug|Win32.Build.0 = Debug|Win32
		{B85E6CC0-ED80-487D-805A-DA3597A15CE6}.Debug|x64.ActiveCfg = Debug|x64
		{B85E6CC0-ED80-487D-805A-DA3597A15CE6}.Debug|x64.Build.0 = Debug|x64
		{B85E6CC0-ED80-487D-805A-DA3597A15CE6}.Release|ARM.ActiveCfg = Release|Win32
		{B85E6CC0-ED80-487D-805A-DA3597A15CE6}.Release|Win32.ActiveCfg = Release|Win32
		{B85E6CC0-ED80-487D-805A-DA3597A15CE6}.Release|Win32.Build.0 = Release|Win32
		{B85E6CC0-ED80-487D-805A-DA3597A15CE6}.Release|x64.ActiveCfg = Release|x64
		{B85E6CC0-ED80-487D-805A-DA3597A15CE6}.Release|x64.Build.0 = Release|x64
		{66EEC0BD-2C32-4B40-A180-B4C25B484D23}.Debug|ARM.ActiveCfg = Debug|Win32
		{66EEC0BD-2C32-4B40-A180-B4C25B484D23}.Debug|Win32.ActiveCfg = Debug|Win32
		{66EEC0BD-2C32-4B40-A180-B4C25B484D23}.Debug|Win32.Build.0 = Debug|Win32
		{66EEC0BD-2C32-4B40-A180-B4C25B484D23}.Debug|x64.ActiveCfg = Debug|x64
		{66EEC0BD-2C32-4B40-A180-B4C25B484D23}.Debug|x64.Build.0 = Debug|x64
		{66EEC0BD-2C32-4B40-A180-B4C25B484D23}.Release|ARM.ActiveCfg = Release|Win32
		{66EEC0BD-2C32-4B40-A180-B4C25B484D23}.Release|Win32.ActiveCfg = Release|Win32
		{66EEC0BD-2C32-4B40-A180-B4C25B484D23}.Release|Win32.Build.0 = Release|Win32
		{66EEC0BD-2C32-4B40-A180-B4C25B484D23}.Release|x64.ActiveCfg = Release|x64
		{66EEC0BD-2C32-4B40-A180-B4C25B484D23}.Release|x64.Build.0 = Release|x64
		{3849AF96-797C-4322-AD39-810D8367684D}.Debug|ARM.ActiveCfg = Debug|Win32
		{3849AF96-797C-4322-AD39-810D8367684D}.Debug|Win32.ActiveCfg = Debug|Win32
		{3849AF96-797C-4322-AD39-810D8367684D}.Debug|Win32.Build.0 = Debug|Win32
		{3849AF96-797C-4322-AD39-810D8367684D}.Debug|x64.ActiveCfg = Debug|x64
		{3849AF96-797C-4322-AD39-810D8367684D}.Debug|x64.Build.0 = Debug|x64
		{3849AF96-797C-4322-AD39-810D8367684D}.Release|ARM.ActiveCfg = Release|Win32
		{3849AF96-797C-4322-AD39-810D8367684D}.Release|Win32.ActiveCfg = Release|Win32
		{3849AF96-797C-4322-AD39-810D8367684D}.Release|Win32.Build.0 = Release|Win32
		{3849AF96-797C-4322-AD39-810D8367684D}.Release|x64.ActiveCfg = Release|x64
		{3849AF96-797C-4322-AD39-810D8367684D}.Release|x64.Build.0 = Release|x64
		{A8C79983-2F34-4E94-A86C-C44130FAB928}.Debug|ARM.ActiveCfg = Debug|Win32
		{A8C79983-2F34-4E94-A86C-C44130FAB928}.Debug|Win32.ActiveCfg = Debug|Win32
		{A8C79983-2F34-4E94-A86C-C44130FAB928}.Debug|Win32.Build.0 = Debug|Win32
		{A8C79983-2F34-4E94-A86C-C44130FAB928}.Debug|x64.ActiveCfg = Debug|x64
		{A8C79983-2F34-4E94-A86C-C44130FAB928}.Debug|x64.Build.0 = Debug|x64
		{A8C79983-2F34-4E94-A86C-C44130FAB928}.Release|ARM.ActiveCfg = Release|Win32
		{A8C79983-2F34-4E94-A86C-C44130FAB928}.Release|Win32.ActiveCfg = Release|Win32
		{A8C79983-2F34-4E94-A86C-C44130FAB928}.Release|Win32.Build.0 = Release|Win32
		{A8C79983-2F34-4E94-A86C-C44130FAB928}.Release|x64.ActiveCfg = Release|x64
		{A8C79983-2F34-4E94-A86C-C44130FAB928}.Release|x64.Build.0 = Release|x64
		{6D8D14B2-6D32-45E3-A205-AA74DE2FBE7F}.Debug|ARM.ActiveCfg = Debug|Win32
		{6D8D14B2-6D32-45E3-A205-AA74DE2FBE7F}.Debug|Win32.ActiveCfg = Debug|Win32
		{6D8D14B2-6D32-45E3-A205-AA74DE2FBE7F}.Debug|Win32.Build.0 = Debug|Win32
		{6D8D14B2-6D32-45E3-A205-AA74DE2FBE7F}.Debug|x64.ActiveCfg = Debug|x64
		{6D8D14B2-6D32-45E3-A205-AA74DE2FBE7F}.Debug|x64.Build.0 = Debug|x64
		{6D8D14B2-6D32-45E3-A205-AA74DE2FBE7F}.Release|ARM.ActiveCfg = Release|Win32
		{6D8D14B2-6D32-45E3-A205-AA74DE2FBE7F}.Release|Win32.ActiveCfg = Release|Win32
		{6D8D14B2-6D32-45E3-A205-AA74DE2FBE7F}.Release|Win32.Build.0 = Release|Win32
		{6D8D14B2-6D32-45E3-A205-AA74DE2FBE7F}.Release|x64.ActiveCfg = Release|x64
		{6D8D14B2-6D32-45E3-A205-AA74DE2FBE7F}.Release|x64.Build.0 = Release|x64
		{C8629E57-4D6F-40FA-82FC-B39824195932}.Debug|ARM.ActiveCfg = Debug|Win32
		{C8629E57-4D6F-40FA-82FC-B39824195932}.Debug|Win32.ActiveCfg = Debug|Win32
		{C8629E57-4D6F-40FA-82FC-B39824195932}.Debug|Win32.Build.0 = Debug|Win32
		{C8629E57-4D6F-40FA-82FC-B39824195932}.Debug|x64.ActiveCfg = Debug|x64
		{C8629E57-4D6F-40FA-82FC-B39824195932}.Debug|x64.Build.0 = Debug|x64
		{C8629E57-4D6F-40FA-82FC-B39824195932}.Release|ARM.ActiveCfg = Release|Win32
		{C8629E57-4D6F-40FA-82FC-B39824195932}.Release|Win32.ActiveCfg = Release|Win32
		{C8629E57-4D6F-40FA-82FC-B39824195932}.Release|Win32.Build.0 = Release|Win32
		{C8629E57-4D6F-40FA-82FC-B39824195932}.Release|x64.ActiveCfg = Release|x64
		{C8629E57-4D6F-40FA-82FC-B39824195932}.Release|x64.Build.0 = Release|x64
		{DDD98DB2-2ABE-4550-9F8C-0E4E4E991D73}.Debug|ARM.ActiveCfg = Debug|Win32
		{DDD98DB2-2ABE-4550-9F8C-0E4E4E991D73}.Debug|Win32.ActiveCfg = Debug|Win32
		{DDD98DB2-2ABE-4550-9F8C-0E4E4E991D73}.Debug|Win32.Build.0 = Debug|Win32
		{DDD98DB2-2ABE-4550-9F8C-0E4E4E991D73}.Debug|x64.ActiveCfg = Debug|x64
		{DDD98DB2-2ABE-4550-9F8C-0E4E4E991D73}.Debug|x64.Build.0 = Debug|x64
		{DDD98DB2-2ABE-4550-9F8C-0E4E4E991D73}.Release|ARM.ActiveCfg = Release|Win32
		{DDD98DB2-2ABE-4550-9F8C-0E4E4E991D73}.Release|Win32.ActiveCfg = Release|Win32
		{DDD98DB2-2ABE-4550-9F8C-0E4E4E991D73}.Release|Win32.Build.0 = Release|Win32
		{DDD98DB2-2ABE-4550-9F8C-0E4E4E991D73}.Release|x64.ActiveCfg = Release|x64
		{DDD98DB2-2ABE-4550-9F8C-0E4E4E991D73}.Release|x64.Build.0 = Release|x64
		{3C822249-7551-4086-AF0B-F43871F36191}.Debug|ARM.ActiveCfg = Debug|Win32
		{3C822249-7551-4086-AF0B-F43871F36191}.Debug|Win32.ActiveCfg = Debug|Win32
		{3C822249-7551-4086-AF0B-F43871F36191}.Debug|Win32.Build.0 = Debug|Win32
		{3C822249-7551-4086-AF0B-F43871F36191}.Debug|x64.ActiveCfg = Debug|x64
		{3C822249-7551-4086-AF0B-F43871F36191}.Debug|x64.Build.0 = Debug|x64
		{3C822249-7551-4086-AF0B-F43871F36191}.Release|ARM.ActiveCfg = Release|Win32
		{3C822249-7551-4086-AF0B-F43871F36191}.Release|Win32.ActiveCfg = Release|Win32
		{3C822249-7551-4086-AF0B-F43871F36191}.Release|Win32.Build.0 = Release|Win32
		{3C822249-7551-4086-AF0B-F43871F36191}.Release|x64.ActiveCfg = Release|x64
		{3C822249-7551-4086-AF0B-F43871F36191}.Release|x64.Build.0 = Release|x64
		{DBBFB1CB-5854-490C-B549-63F7B8FBE1F2}.Debug|ARM.ActiveCfg = Debug|ARM
		{DBBFB1CB-5854-490C-B549-63F7B8FBE1F2}.Debug|ARM.Build.0 = Debug|ARM
		{DBBFB1CB-5854-490C-B549-63F7B8FBE1F2}.Debug|Win32.ActiveCfg = Debug|ARM
		{DBBFB1CB-5854-490C-B549-63F7B8FBE1F2}.Debug|x64.ActiveCfg = Debug|ARM
		{DBBFB1CB-5854-490C-B549-63F7B8FBE1F2}.Release|ARM.ActiveCfg = Release|ARM
		{DBBFB1CB-5854-490C-B549-63F7B8FBE1F2}.Release|ARM.Build.0 = Release|ARM
		{DBBFB1CB-5854-490C-B549-63F7B8FBE1F2}.Release|Win32.ActiveCfg = Release|ARM
		{DBBFB1CB-5854-490C-B549-63F7B8FBE1F2}.Release|x64.ActiveCfg = Release|ARM
		{96822C64-B0B6-49F3-A24C-F9C5FDB02DD3}.Debug|ARM.ActiveCfg = Debug|Win32
		{96822C64-B0B6-49F3-A24C-F9C5FDB02DD3}.Debug|Win32.ActiveCfg = Debug|Win32
		{96822C64-B0B6-49F3-A24C-F9C5FDB02DD3}.Debug|Win32.Build.0 = Debug|Win32
		{96822C64-B0B6-49F3-A24C-F9C5FDB02DD3}.Debug|x64.ActiveCfg = Debug|x64
		{96822C64-B0B6-49F3-A24C-F9C5FDB02DD3}.Debug|x64.Build.0 = Debug|x64
		{96822C64-B0B6-49F3-A24C-F9C5FDB02DD3}.Release|ARM.ActiveCfg = Release|Win32
		{96822C64-B0B6-49F3-A24C-F9C5FDB02DD3}.Release|Win32.ActiveCfg = Release|Win32
		{96822C64-B0B6-49F3-A24C-F9C5FDB02DD3}.Release|Win32.Build.0 = Release|Win32
		{96822C64-B0B6-49F3-A24C-F9C5FDB02DD3}.Release|x64.ActiveCfg = Release|x64
		{96822C64-B0B6-49F3-A24C-F9C5FDB02DD3}.Release|x64.Build.0 = Release|x64
		{DC46DBC0-F7BB-40F1-B57F-DC884057340F}.Debug|ARM.ActiveCfg = Debug|ARM
		{DC46DBC0-F7BB-40F1-B57F-DC884057340F}.Debug|ARM.Build.0 = Debug|ARM
		{DC46DBC0-F7BB-40F1-B57F-DC884057340F}.Debug|Win32.ActiveCfg = Debug|ARM
		{DC46DBC0-F7BB-40F1-B57F-DC884057340F}.Debug|x64.ActiveCfg = Debug|ARM
		{DC46DBC0-F7BB-40F1-B57F-DC884057340F}.Release|ARM.ActiveCfg = Release|ARM
		{DC46DBC0-F7BB-40F1-B57F-DC884057340F}.Release|ARM.Build.0 = Release|ARM
		{DC46DBC0-F7BB-40F1-B57F-DC884057340F}.Release|Win32.ActiveCfg = Release|ARM
		{DC46DBC0-F7BB-40F1-B57F-DC884057340F}.Release|x64.ActiveCfg = Release|ARM
		{613FBE86-C438-4F7C-AB69-4C024C5305D5}.Debug|ARM.ActiveCfg = Debug|Win32
		{613FBE86-C438-4F7C-AB69-4C024C5305D5}.Debug|Win32.ActiveCfg = Debug|Win32
		{613FBE86-C438-4F7C-AB69-4C024C5305D5}.Debug|Win32.Build.0 = Debug|Win32
		{613FBE86-C438-4F7C-AB69-4C024C5305D5}.Debug|x64.ActiveCfg = Debug|x64
		{613FBE86-C438-4F7C-AB69-4C024C5305D5}.Debug|x64.Build.0 = Debug|x64
		{613FBE86-C438-4F7C-AB69-4C024C5305D5}.Release|ARM.ActiveCfg = Release|Win32
		{613FBE86-C438-4F7C-AB69-4C024C5305D5}.Release|Win32.ActiveCfg = Release|Win32
		{613FBE86-C438-4F7C-AB69-4C024C5305D5}.Release|Win32.Build.0 = Release|Win32
		{613FBE86-C438-4F7C-AB69-4C024C5305D5}.Release|x64.ActiveCfg = Release|x64
		{613FBE86-C438-4F7C-AB69-4C024C5305D5}.Release|x64.Build.0 = Release|x64
	EndGlobalSection
	GlobalSection(SolutionProperties) = preSolution
		HideSolutionNode = FALSE
	EndGlobalSection
EndGlobal
